
Microsoft Visual Studio Solution File, Format Version 12.00
# Visual Studio Version 17
VisualStudioVersion = 17.4.33205.214
MinimumVisualStudioVersion = 10.0.40219.1
Project("{9A19103F-16F7-4668-BE54-9A1E7A4F7556}") = "ConsoleApp1", "ConsoleApp1\ConsoleApp1.csproj", "{96600DA0-55AA-46AE-BF64-1BA9FFA1C100}"
	ProjectSection(ProjectDependencies) = postProject
		{1FBD0205-3E97-48CF-8F2F-1BBCDAAE50FD} = {1FBD0205-3E97-48CF-8F2F-1BBCDAAE50FD}
	EndProjectSection
EndProject
Project("{8BC9CEB8-8B4A-11D0-8D11-00A0C91BC942}") = "LowlevelLib", "LowlevelLib\LowlevelLib.vcxproj", "{1FBD0205-3E97-48CF-8F2F-1BBCDAAE50FD}"
EndProject
Global
	GlobalSection(SolutionConfigurationPlatforms) = preSolution
		Debug|Any CPU = Debug|Any CPU
		Debug|x64 = Debug|x64
		Debug|x86 = Debug|x86
		Release|Any CPU = Release|Any CPU
		Release|x64 = Release|x64
		Release|x86 = Release|x86
	EndGlobalSection
	GlobalSection(ProjectConfigurationPlatforms) = postSolution
		{96600DA0-55AA-46AE-BF64-1BA9FFA1C100}.Debug|Any CPU.ActiveCfg = Debug|Any CPU
		{96600DA0-55AA-46AE-BF64-1BA9FFA1C100}.Debug|Any CPU.Build.0 = Debug|Any CPU
		{96600DA0-55AA-46AE-BF64-1BA9FFA1C100}.Debug|x64.ActiveCfg = Debug|Any CPU
		{96600DA0-55AA-46AE-BF64-1BA9FFA1C100}.Debug|x64.Build.0 = Debug|Any CPU
		{96600DA0-55AA-46AE-BF64-1BA9FFA1C100}.Debug|x86.ActiveCfg = Debug|Any CPU
		{96600DA0-55AA-46AE-BF64-1BA9FFA1C100}.Debug|x86.Build.0 = Debug|Any CPU
		{96600DA0-55AA-46AE-BF64-1BA9FFA1C100}.Release|Any CPU.ActiveCfg = Release|Any CPU
		{96600DA0-55AA-46AE-BF64-1BA9FFA1C100}.Release|Any CPU.Build.0 = Release|Any CPU
		{96600DA0-55AA-46AE-BF64-1BA9FFA1C100}.Release|x64.ActiveCfg = Release|Any CPU
		{96600DA0-55AA-46AE-BF64-1BA9FFA1C100}.Release|x64.Build.0 = Release|Any CPU
		{96600DA0-55AA-46AE-BF64-1BA9FFA1C100}.Release|x86.ActiveCfg = Release|Any CPU
		{96600DA0-55AA-46AE-BF64-1BA9FFA1C100}.Release|x86.Build.0 = Release|Any CPU
		{1FBD0205-3E97-48CF-8F2F-1BBCDAAE50FD}.Debug|Any CPU.ActiveCfg = Debug|x64
		{1FBD0205-3E97-48CF-8F2F-1BBCDAAE50FD}.Debug|Any CPU.Build.0 = Debug|x64
		{1FBD0205-3E97-48CF-8F2F-1BBCDAAE50FD}.Debug|x64.ActiveCfg = Debug|x64
		{1FBD0205-3E97-48CF-8F2F-1BBCDAAE50FD}.Debug|x64.Build.0 = Debug|x64
		{1FBD0205-3E97-48CF-8F2F-1BBCDAAE50FD}.Debug|x86.ActiveCfg = Debug|x64
		{1FBD0205-3E97-48CF-8F2F-1BBCDAAE50FD}.Release|Any CPU.ActiveCfg = Release|x64
		{1FBD0205-3E97-48CF-8F2F-1BBCDAAE50FD}.Release|Any CPU.Build.0 = Release|x64
		{1FBD0205-3E97-48CF-8F2F-1BBCDAAE50FD}.Release|x64.ActiveCfg = Release|x64
		{1FBD0205-3E97-48CF-8F2F-1BBCDAAE50FD}.Release|x64.Build.0 = Release|x64
		{1FBD0205-3E97-48CF-8F2F-1BBCDAAE50FD}.Release|x86.ActiveCfg = Release|x64
	EndGlobalSection
	GlobalSection(SolutionProperties) = preSolution
		HideSolutionNode = FALSE
	EndGlobalSection
	GlobalSection(ExtensibilityGlobals) = postSolution
		SolutionGuid = {6E401D23-3A55-4412-AF3B-A4882143D9B9}
	EndGlobalSection
EndGlobal
